
Microsoft Visual Studio Solution File, Format Version 12.00
# Visual Studio 15
VisualStudioVersion = 15.0.27428.2005
MinimumVisualStudioVersion = 10.0.40219.1
Project("{9A19103F-16F7-4668-BE54-9A1E7A4F7556}") = "NewEmployeeApp", "NewEmployeeApp\NewEmployeeApp.csproj", "{12079C7A-A539-4FFE-BAD1-753D137839B9}"
EndProject
Project("{9A19103F-16F7-4668-BE54-9A1E7A4F7556}") = "EventPublisher", "EventPublisher\EventPublisher.csproj", "{E9348CBD-6B37-45E7-81D7-D249CF93744D}"
EndProject
Project("{9A19103F-16F7-4668-BE54-9A1E7A4F7556}") = "Common", "Common\Common.csproj", "{6404D364-41E1-41E3-B15E-BA5F7E9C8BB7}"
EndProject
Project("{2150E333-8FDC-42A3-9474-1A3956D46DE8}") = "MiscFiles", "MiscFiles", "{34520E77-F899-4896-8835-2ADC45AF4ECA}"
	ProjectSection(SolutionItems) = preProject
		License.txt = License.txt
		MiscFiles\local.settings.json = MiscFiles\local.settings.json
		LsbServerless.sln.licenseheader = LsbServerless.sln.licenseheader
		MiscFiles\ngrok.exe = MiscFiles\ngrok.exe
	EndProjectSection
EndProject
Global
	GlobalSection(SolutionConfigurationPlatforms) = preSolution
		Debug|Any CPU = Debug|Any CPU
		Release|Any CPU = Release|Any CPU
	EndGlobalSection
	GlobalSection(ProjectConfigurationPlatforms) = postSolution
		{12079C7A-A539-4FFE-BAD1-753D137839B9}.Debug|Any CPU.ActiveCfg = Debug|Any CPU
		{12079C7A-A539-4FFE-BAD1-753D137839B9}.Debug|Any CPU.Build.0 = Debug|Any CPU
		{12079C7A-A539-4FFE-BAD1-753D137839B9}.Release|Any CPU.ActiveCfg = Release|Any CPU
		{12079C7A-A539-4FFE-BAD1-753D137839B9}.Release|Any CPU.Build.0 = Release|Any CPU
		{E9348CBD-6B37-45E7-81D7-D249CF93744D}.Debug|Any CPU.ActiveCfg = Debug|Any CPU
		{E9348CBD-6B37-45E7-81D7-D249CF93744D}.Debug|Any CPU.Build.0 = Debug|Any CPU
		{E9348CBD-6B37-45E7-81D7-D249CF93744D}.Release|Any CPU.ActiveCfg = Release|Any CPU
		{E9348CBD-6B37-45E7-81D7-D249CF93744D}.Release|Any CPU.Build.0 = Release|Any CPU
		{6404D364-41E1-41E3-B15E-BA5F7E9C8BB7}.Debug|Any CPU.ActiveCfg = Debug|Any CPU
		{6404D364-41E1-41E3-B15E-BA5F7E9C8BB7}.Debug|Any CPU.Build.0 = Debug|Any CPU
		{6404D364-41E1-41E3-B15E-BA5F7E9C8BB7}.Release|Any CPU.ActiveCfg = Release|Any CPU
		{6404D364-41E1-41E3-B15E-BA5F7E9C8BB7}.Release|Any CPU.Build.0 = Release|Any CPU
	EndGlobalSection
	GlobalSection(SolutionProperties) = preSolution
		HideSolutionNode = FALSE
	EndGlobalSection
	GlobalSection(ExtensibilityGlobals) = postSolution
		SolutionGuid = {8E93878E-B7B0-4FCA-B3F4-8D3666505390}
	EndGlobalSection
EndGlobal
